
Microsoft Visual Studio Solution File, Format Version 12.00
# Visual Studio Version 17
VisualStudioVersion = 17.7.34031.279
MinimumVisualStudioVersion = 10.0.40219.1
Project("{FAE04EC0-301F-11D3-BF4B-00C04F79EFBC}") = "AssistedProject18", "AssistedProject18.csproj", "{EDDF6CA2-2F58-457E-A8A1-DEF3DB443B55}"
EndProject
Global
	GlobalSection(SolutionConfigurationPlatforms) = preSolution
		Debug|Any CPU = Debug|Any CPU
		Release|Any CPU = Release|Any CPU
	EndGlobalSection
	GlobalSection(ProjectConfigurationPlatforms) = postSolution
		{EDDF6CA2-2F58-457E-A8A1-DEF3DB443B55}.Debug|Any CPU.ActiveCfg = Debug|Any CPU
		{EDDF6CA2-2F58-457E-A8A1-DEF3DB443B55}.Debug|Any CPU.Build.0 = Debug|Any CPU
		{EDDF6CA2-2F58-457E-A8A1-DEF3DB443B55}.Release|Any CPU.ActiveCfg = Release|Any CPU
		{EDDF6CA2-2F58-457E-A8A1-DEF3DB443B55}.Release|Any CPU.Build.0 = Release|Any CPU
	EndGlobalSection
	GlobalSection(SolutionProperties) = preSolution
		HideSolutionNode = FALSE
	EndGlobalSection
	GlobalSection(ExtensibilityGlobals) = postSolution
		SolutionGuid = {CBDD53A1-6C0F-4B73-81F9-266630E0BF37}
	EndGlobalSection
EndGlobal
